
Microsoft Visual Studio Solution File, Format Version 12.00
# Visual Studio Version 17
VisualStudioVersion = 17.14.36603.0
MinimumVisualStudioVersion = 10.0.40219.1
Project("{FAE04EC0-301F-11D3-BF4B-00C04F79EFBC}") = "LOGINFORM", "LOGINFORM\LOGINFORM.csproj", "{14039CC9-D2C3-4D8E-831A-7E821EBB90A0}"
EndProject
Project("{FAE04EC0-301F-11D3-BF4B-00C04F79EFBC}") = "ADMIN", "WindowsFormsApp1\ADMIN.csproj", "{E817BBF1-51EB-4D05-9DA7-33D0B7B1A044}"
EndProject
Global
	GlobalSection(SolutionConfigurationPlatforms) = preSolution
		Debug|Any CPU = Debug|Any CPU
		Release|Any CPU = Release|Any CPU
	EndGlobalSection
	GlobalSection(ProjectConfigurationPlatforms) = postSolution
		{14039CC9-D2C3-4D8E-831A-7E821EBB90A0}.Debug|Any CPU.ActiveCfg = Debug|Any CPU
		{14039CC9-D2C3-4D8E-831A-7E821EBB90A0}.Debug|Any CPU.Build.0 = Debug|Any CPU
		{14039CC9-D2C3-4D8E-831A-7E821EBB90A0}.Release|Any CPU.ActiveCfg = Release|Any CPU
		{14039CC9-D2C3-4D8E-831A-7E821EBB90A0}.Release|Any CPU.Build.0 = Release|Any CPU
		{E817BBF1-51EB-4D05-9DA7-33D0B7B1A044}.Debug|Any CPU.ActiveCfg = Debug|Any CPU
		{E817BBF1-51EB-4D05-9DA7-33D0B7B1A044}.Debug|Any CPU.Build.0 = Debug|Any CPU
		{E817BBF1-51EB-4D05-9DA7-33D0B7B1A044}.Release|Any CPU.ActiveCfg = Release|Any CPU
		{E817BBF1-51EB-4D05-9DA7-33D0B7B1A044}.Release|Any CPU.Build.0 = Release|Any CPU
	EndGlobalSection
	GlobalSection(SolutionProperties) = preSolution
		HideSolutionNode = FALSE
	EndGlobalSection
	GlobalSection(ExtensibilityGlobals) = postSolution
		SolutionGuid = {94AD850B-ECAB-4CD2-A5EB-843289331EC9}
	EndGlobalSection
EndGlobal
